
Microsoft Visual Studio Solution File, Format Version 12.00
# Visual Studio 15
VisualStudioVersion = 15.0.28307.645
MinimumVisualStudioVersion = 10.0.40219.1
Project("{FAE04EC0-301F-11D3-BF4B-00C04F79EFBC}") = "Practice", "Practice\Practice.csproj", "{CC63CBD4-76C7-4ED7-A7A7-483CF1331505}"
EndProject
Global
	GlobalSection(SolutionConfigurationPlatforms) = preSolution
		Debug|Any CPU = Debug|Any CPU
		Release|Any CPU = Release|Any CPU
	EndGlobalSection
	GlobalSection(ProjectConfigurationPlatforms) = postSolution
		{CC63CBD4-76C7-4ED7-A7A7-483CF1331505}.Debug|Any CPU.ActiveCfg = Debug|Any CPU
		{CC63CBD4-76C7-4ED7-A7A7-483CF1331505}.Debug|Any CPU.Build.0 = Debug|Any CPU
		{CC63CBD4-76C7-4ED7-A7A7-483CF1331505}.Release|Any CPU.ActiveCfg = Release|Any CPU
		{CC63CBD4-76C7-4ED7-A7A7-483CF1331505}.Release|Any CPU.Build.0 = Release|Any CPU
	EndGlobalSection
	GlobalSection(SolutionProperties) = preSolution
		HideSolutionNode = FALSE
	EndGlobalSection
	GlobalSection(ExtensibilityGlobals) = postSolution
		SolutionGuid = {913E4BF1-9F2B-4BCE-B527-70116E540499}
	EndGlobalSection
EndGlobal
